
Microsoft Visual Studio Solution File, Format Version 12.00
# Visual Studio Version 16
VisualStudioVersion = 16.0.32413.511
MinimumVisualStudioVersion = 10.0.40219.1
Project("{FAE04EC0-301F-11D3-BF4B-00C04F79EFBC}") = "ajaxgetting2022", "ajaxgetting2022\ajaxgetting2022.csproj", "{06406FF8-8BDE-451B-8F68-770EA5F0D002}"
EndProject
Global
	GlobalSection(SolutionConfigurationPlatforms) = preSolution
		Debug|Any CPU = Debug|Any CPU
		Release|Any CPU = Release|Any CPU
	EndGlobalSection
	GlobalSection(ProjectConfigurationPlatforms) = postSolution
		{06406FF8-8BDE-451B-8F68-770EA5F0D002}.Debug|Any CPU.ActiveCfg = Debug|Any CPU
		{06406FF8-8BDE-451B-8F68-770EA5F0D002}.Debug|Any CPU.Build.0 = Debug|Any CPU
		{06406FF8-8BDE-451B-8F68-770EA5F0D002}.Release|Any CPU.ActiveCfg = Release|Any CPU
		{06406FF8-8BDE-451B-8F68-770EA5F0D002}.Release|Any CPU.Build.0 = Release|Any CPU
	EndGlobalSection
	GlobalSection(SolutionProperties) = preSolution
		HideSolutionNode = FALSE
	EndGlobalSection
	GlobalSection(ExtensibilityGlobals) = postSolution
		SolutionGuid = {01427CB1-9CCC-4666-9293-06A8FBFF596C}
	EndGlobalSection
EndGlobal
